// !$*UTF8*$!
{
	archiveVersion = 1;
	classes = {
	};
	objectVersion = 48;
	objects = {

/* Begin PBXBuildFile section */
		5B6AA26BCA47A29D6CBB14D3 /* Pods_KmongUITests.framework in Frameworks */ = {isa = PBXBuildFile; fileRef = F9DBCCF237BA25DDF1D46EC3 /* Pods_KmongUITests.framework */; };
		651D21241FE1AE7B000FD273 /* CategoryVC.swift in Sources */ = {isa = PBXBuildFile; fileRef = 651D21231FE1AE7B000FD273 /* CategoryVC.swift */; };
		651D21261FE1AF6F000FD273 /* CategoryCell.swift in Sources */ = {isa = PBXBuildFile; fileRef = 651D21251FE1AF6F000FD273 /* CategoryCell.swift */; };
		651E0F631FF3C4F9005E51FB /* AccountVC.swift in Sources */ = {isa = PBXBuildFile; fileRef = 651E0F621FF3C4F9005E51FB /* AccountVC.swift */; };
		651E0F651FF3C509005E51FB /* LoginVC.swift in Sources */ = {isa = PBXBuildFile; fileRef = 651E0F641FF3C508005E51FB /* LoginVC.swift */; };
		651E0F671FF3C51C005E51FB /* CreateAccountVC.swift in Sources */ = {isa = PBXBuildFile; fileRef = 651E0F661FF3C51C005E51FB /* CreateAccountVC.swift */; };
		651E0F6B1FF406E2005E51FB /* GoogleService-Info.plist in Resources */ = {isa = PBXBuildFile; fileRef = 651E0F6A1FF406E1005E51FB /* GoogleService-Info.plist */; };
		651E0F6D1FF4105A005E51FB /* MessageVC.swift in Sources */ = {isa = PBXBuildFile; fileRef = 651E0F6C1FF4105A005E51FB /* MessageVC.swift */; };
		651E0F6F1FF4106A005E51FB /* SendMessageVC.swift in Sources */ = {isa = PBXBuildFile; fileRef = 651E0F6E1FF4106A005E51FB /* SendMessageVC.swift */; };
		651E648D1FE1911C004F55BC /* SubMainVC.swift in Sources */ = {isa = PBXBuildFile; fileRef = 651E648C1FE1911C004F55BC /* SubMainVC.swift */; };
		653394E51FE17951004F8EE3 /* DataService.swift in Sources */ = {isa = PBXBuildFile; fileRef = 653394E41FE17951004F8EE3 /* DataService.swift */; };
		653394E71FE179CD004F8EE3 /* Category.swift in Sources */ = {isa = PBXBuildFile; fileRef = 653394E61FE179CD004F8EE3 /* Category.swift */; };
		654DB2771FFFAA7B0019F2DF /* AuthService.swift in Sources */ = {isa = PBXBuildFile; fileRef = 654DB2761FFFAA7B0019F2DF /* AuthService.swift */; };
		656D33311FE1212E00787069 /* AppDelegate.swift in Sources */ = {isa = PBXBuildFile; fileRef = 656D33301FE1212E00787069 /* AppDelegate.swift */; };
		656D33361FE1212E00787069 /* Main.storyboard in Resources */ = {isa = PBXBuildFile; fileRef = 656D33341FE1212E00787069 /* Main.storyboard */; };
		656D33381FE1212E00787069 /* Assets.xcassets in Resources */ = {isa = PBXBuildFile; fileRef = 656D33371FE1212E00787069 /* Assets.xcassets */; };
		656D333B1FE1212E00787069 /* LaunchScreen.storyboard in Resources */ = {isa = PBXBuildFile; fileRef = 656D33391FE1212E00787069 /* LaunchScreen.storyboard */; };
		656D33461FE1212E00787069 /* KmongTests.swift in Sources */ = {isa = PBXBuildFile; fileRef = 656D33451FE1212E00787069 /* KmongTests.swift */; };
		656D33511FE1212E00787069 /* KmongUITests.swift in Sources */ = {isa = PBXBuildFile; fileRef = 656D33501FE1212E00787069 /* KmongUITests.swift */; };
		657085931FE431B500969621 /* BackButton.swift in Sources */ = {isa = PBXBuildFile; fileRef = 657085921FE431B500969621 /* BackButton.swift */; };
		657085951FE4326C00969621 /* HomeVC.swift in Sources */ = {isa = PBXBuildFile; fileRef = 657085941FE4326C00969621 /* HomeVC.swift */; };
		6570B1691FE176DD00CE09DB /* RoundedButton.swift in Sources */ = {isa = PBXBuildFile; fileRef = 6570B1681FE176DD00CE09DB /* RoundedButton.swift */; };
		6587ECD21FE1250500A617EF /* MainVC.swift in Sources */ = {isa = PBXBuildFile; fileRef = 6587ECD11FE1250500A617EF /* MainVC.swift */; };
		65AD43EA1FE435B0006388FA /* Item.swift in Sources */ = {isa = PBXBuildFile; fileRef = 65AD43E91FE435B0006388FA /* Item.swift */; };
		65AD43F71FE50F20006388FA /* HomePageVC.swift in Sources */ = {isa = PBXBuildFile; fileRef = 65AD43F61FE50F20006388FA /* HomePageVC.swift */; };
		65AD43F91FE511BD006388FA /* PageView.swift in Sources */ = {isa = PBXBuildFile; fileRef = 65AD43F81FE511BD006388FA /* PageView.swift */; };
		65AD43FF1FE62AAB006388FA /* Value.swift in Sources */ = {isa = PBXBuildFile; fileRef = 65AD43FE1FE62AAB006388FA /* Value.swift */; };
		65AD44011FE64239006388FA /* HomeCollectionVC.swift in Sources */ = {isa = PBXBuildFile; fileRef = 65AD44001FE64239006388FA /* HomeCollectionVC.swift */; };
		65AD44051FE6439C006388FA /* CategoryCollectionCell.swift in Sources */ = {isa = PBXBuildFile; fileRef = 65AD44041FE6439C006388FA /* CategoryCollectionCell.swift */; };
		65AD44091FE7C9B6006388FA /* HomeUrlVC.swift in Sources */ = {isa = PBXBuildFile; fileRef = 65AD44081FE7C9B6006388FA /* HomeUrlVC.swift */; };
		65AD440B1FE80B65006388FA /* video.mp4 in Resources */ = {isa = PBXBuildFile; fileRef = 65AD440A1FE80B65006388FA /* video.mp4 */; };
		65AD44141FE81A3F006388FA /* VideoView.swift in Sources */ = {isa = PBXBuildFile; fileRef = 65AD44131FE81A3F006388FA /* VideoView.swift */; };
		65AD44161FE84C8D006388FA /* ItemCell.swift in Sources */ = {isa = PBXBuildFile; fileRef = 65AD44151FE84C8D006388FA /* ItemCell.swift */; };
		65AD44181FE84CCA006388FA /* HomeItemsVC.swift in Sources */ = {isa = PBXBuildFile; fileRef = 65AD44171FE84CCA006388FA /* HomeItemsVC.swift */; };
		65C507A51FE2DC3600A30675 /* CircleImage.swift in Sources */ = {isa = PBXBuildFile; fileRef = 65C507A41FE2DC3600A30675 /* CircleImage.swift */; };
		65EBE8CB20033BF500B1DB03 /* User.swift in Sources */ = {isa = PBXBuildFile; fileRef = 65EBE8CA20033BF500B1DB03 /* User.swift */; };
		65EBE8CD20033C7500B1DB03 /* Message.swift in Sources */ = {isa = PBXBuildFile; fileRef = 65EBE8CC20033C7500B1DB03 /* Message.swift */; };
		65EBE8CF20033E1600B1DB03 /* MessageCell.swift in Sources */ = {isa = PBXBuildFile; fileRef = 65EBE8CE20033E1600B1DB03 /* MessageCell.swift */; };
		65EBE8D32004C86400B1DB03 /* ServiceCell.swift in Sources */ = {isa = PBXBuildFile; fileRef = 65EBE8D22004C86400B1DB03 /* ServiceCell.swift */; };
		65EBE8D52004C93F00B1DB03 /* DatabaseVC.swift in Sources */ = {isa = PBXBuildFile; fileRef = 65EBE8D42004C93F00B1DB03 /* DatabaseVC.swift */; };
		65EBE8D72004CAC200B1DB03 /* Service.swift in Sources */ = {isa = PBXBuildFile; fileRef = 65EBE8D62004CAC200B1DB03 /* Service.swift */; };
		6AA5C2598081FBA5B53D0916 /* Pods_Kmong.framework in Frameworks */ = {isa = PBXBuildFile; fileRef = B34C4E3ABD35BEB6851479F7 /* Pods_Kmong.framework */; };
		DE74A360A70792C43B9307EE /* Pods_KmongTests.framework in Frameworks */ = {isa = PBXBuildFile; fileRef = F78CA27EC5AE6A99A76F9E65 /* Pods_KmongTests.framework */; };
/* End PBXBuildFile section */

/* Begin PBXContainerItemProxy section */
		656D33421FE1212E00787069 /* PBXContainerItemProxy */ = {
			isa = PBXContainerItemProxy;
			containerPortal = 656D33251FE1212E00787069 /* Project object */;
			proxyType = 1;
			remoteGlobalIDString = 656D332C1FE1212E00787069;
			remoteInfo = Kmong;
		};
		656D334D1FE1212E00787069 /* PBXContainerItemProxy */ = {
			isa = PBXContainerItemProxy;
			containerPortal = 656D33251FE1212E00787069 /* Project object */;
			proxyType = 1;
			remoteGlobalIDString = 656D332C1FE1212E00787069;
			remoteInfo = Kmong;
		};
/* End PBXContainerItemProxy section */

/* Begin PBXFileReference section */
		651D21231FE1AE7B000FD273 /* CategoryVC.swift */ = {isa = PBXFileReference; lastKnownFileType = sourcecode.swift; path = CategoryVC.swift; sourceTree = "<group>"; };
		651D21251FE1AF6F000FD273 /* CategoryCell.swift */ = {isa = PBXFileReference; lastKnownFileType = sourcecode.swift; path = CategoryCell.swift; sourceTree = "<group>"; };
		651E0F621FF3C4F9005E51FB /* AccountVC.swift */ = {isa = PBXFileReference; lastKnownFileType = sourcecode.swift; path = AccountVC.swift; sourceTree = "<group>"; };
		651E0F641FF3C508005E51FB /* LoginVC.swift */ = {isa = PBXFileReference; lastKnownFileType = sourcecode.swift; path = LoginVC.swift; sourceTree = "<group>"; };
		651E0F661FF3C51C005E51FB /* CreateAccountVC.swift */ = {isa = PBXFileReference; lastKnownFileType = sourcecode.swift; path = CreateAccountVC.swift; sourceTree = "<group>"; };
		651E0F6A1FF406E1005E51FB /* GoogleService-Info.plist */ = {isa = PBXFileReference; fileEncoding = 4; lastKnownFileType = text.plist.xml; path = "GoogleService-Info.plist"; sourceTree = "<group>"; };
		651E0F6C1FF4105A005E51FB /* MessageVC.swift */ = {isa = PBXFileReference; lastKnownFileType = sourcecode.swift; path = MessageVC.swift; sourceTree = "<group>"; };
		651E0F6E1FF4106A005E51FB /* SendMessageVC.swift */ = {isa = PBXFileReference; lastKnownFileType = sourcecode.swift; path = SendMessageVC.swift; sourceTree = "<group>"; };
		651E648C1FE1911C004F55BC /* SubMainVC.swift */ = {isa = PBXFileReference; lastKnownFileType = sourcecode.swift; path = SubMainVC.swift; sourceTree = "<group>"; };
		653394E41FE17951004F8EE3 /* DataService.swift */ = {isa = PBXFileReference; lastKnownFileType = sourcecode.swift; path = DataService.swift; sourceTree = "<group>"; };
		653394E61FE179CD004F8EE3 /* Category.swift */ = {isa = PBXFileReference; lastKnownFileType = sourcecode.swift; path = Category.swift; sourceTree = "<group>"; };
		654DB2761FFFAA7B0019F2DF /* AuthService.swift */ = {isa = PBXFileReference; lastKnownFileType = sourcecode.swift; path = AuthService.swift; sourceTree = "<group>"; };
		656D332D1FE1212E00787069 /* Kmong.app */ = {isa = PBXFileReference; explicitFileType = wrapper.application; includeInIndex = 0; path = Kmong.app; sourceTree = BUILT_PRODUCTS_DIR; };
		656D33301FE1212E00787069 /* AppDelegate.swift */ = {isa = PBXFileReference; lastKnownFileType = sourcecode.swift; path = AppDelegate.swift; sourceTree = "<group>"; };
		656D33351FE1212E00787069 /* Base */ = {isa = PBXFileReference; lastKnownFileType = file.storyboard; name = Base; path = Base.lproj/Main.storyboard; sourceTree = "<group>"; };
		656D33371FE1212E00787069 /* Assets.xcassets */ = {isa = PBXFileReference; lastKnownFileType = folder.assetcatalog; path = Assets.xcassets; sourceTree = "<group>"; };
		656D333A1FE1212E00787069 /* Base */ = {isa = PBXFileReference; lastKnownFileType = file.storyboard; name = Base; path = Base.lproj/LaunchScreen.storyboard; sourceTree = "<group>"; };
		656D333C1FE1212E00787069 /* Info.plist */ = {isa = PBXFileReference; lastKnownFileType = text.plist.xml; path = Info.plist; sourceTree = "<group>"; };
		656D33411FE1212E00787069 /* KmongTests.xctest */ = {isa = PBXFileReference; explicitFileType = wrapper.cfbundle; includeInIndex = 0; path = KmongTests.xctest; sourceTree = BUILT_PRODUCTS_DIR; };
		656D33451FE1212E00787069 /* KmongTests.swift */ = {isa = PBXFileReference; lastKnownFileType = sourcecode.swift; path = KmongTests.swift; sourceTree = "<group>"; };
		656D33471FE1212E00787069 /* Info.plist */ = {isa = PBXFileReference; lastKnownFileType = text.plist.xml; path = Info.plist; sourceTree = "<group>"; };
		656D334C1FE1212E00787069 /* KmongUITests.xctest */ = {isa = PBXFileReference; explicitFileType = wrapper.cfbundle; includeInIndex = 0; path = KmongUITests.xctest; sourceTree = BUILT_PRODUCTS_DIR; };
		656D33501FE1212E00787069 /* KmongUITests.swift */ = {isa = PBXFileReference; lastKnownFileType = sourcecode.swift; path = KmongUITests.swift; sourceTree = "<group>"; };
		656D33521FE1212E00787069 /* Info.plist */ = {isa = PBXFileReference; lastKnownFileType = text.plist.xml; path = Info.plist; sourceTree = "<group>"; };
		657085921FE431B500969621 /* BackButton.swift */ = {isa = PBXFileReference; lastKnownFileType = sourcecode.swift; path = BackButton.swift; sourceTree = "<group>"; };
		657085941FE4326C00969621 /* HomeVC.swift */ = {isa = PBXFileReference; lastKnownFileType = sourcecode.swift; path = HomeVC.swift; sourceTree = "<group>"; };
		6570B1681FE176DD00CE09DB /* RoundedButton.swift */ = {isa = PBXFileReference; lastKnownFileType = sourcecode.swift; path = RoundedButton.swift; sourceTree = "<group>"; };
		6587ECD11FE1250500A617EF /* MainVC.swift */ = {isa = PBXFileReference; lastKnownFileType = sourcecode.swift; path = MainVC.swift; sourceTree = "<group>"; };
		65AD43E91FE435B0006388FA /* Item.swift */ = {isa = PBXFileReference; lastKnownFileType = sourcecode.swift; path = Item.swift; sourceTree = "<group>"; };
		65AD43F61FE50F20006388FA /* HomePageVC.swift */ = {isa = PBXFileReference; lastKnownFileType = sourcecode.swift; path = HomePageVC.swift; sourceTree = "<group>"; };
		65AD43F81FE511BD006388FA /* PageView.swift */ = {isa = PBXFileReference; lastKnownFileType = sourcecode.swift; path = PageView.swift; sourceTree = "<group>"; };
		65AD43FE1FE62AAB006388FA /* Value.swift */ = {isa = PBXFileReference; lastKnownFileType = sourcecode.swift; path = Value.swift; sourceTree = "<group>"; };
		65AD44001FE64239006388FA /* HomeCollectionVC.swift */ = {isa = PBXFileReference; lastKnownFileType = sourcecode.swift; path = HomeCollectionVC.swift; sourceTree = "<group>"; };
		65AD44041FE6439C006388FA /* CategoryCollectionCell.swift */ = {isa = PBXFileReference; lastKnownFileType = sourcecode.swift; path = CategoryCollectionCell.swift; sourceTree = "<group>"; };
		65AD44081FE7C9B6006388FA /* HomeUrlVC.swift */ = {isa = PBXFileReference; lastKnownFileType = sourcecode.swift; path = HomeUrlVC.swift; sourceTree = "<group>"; };
		65AD440A1FE80B65006388FA /* video.mp4 */ = {isa = PBXFileReference; lastKnownFileType = file; path = video.mp4; sourceTree = "<group>"; };
		65AD44131FE81A3F006388FA /* VideoView.swift */ = {isa = PBXFileReference; lastKnownFileType = sourcecode.swift; path = VideoView.swift; sourceTree = "<group>"; };
		65AD44151FE84C8D006388FA /* ItemCell.swift */ = {isa = PBXFileReference; lastKnownFileType = sourcecode.swift; path = ItemCell.swift; sourceTree = "<group>"; };
		65AD44171FE84CCA006388FA /* HomeItemsVC.swift */ = {isa = PBXFileReference; lastKnownFileType = sourcecode.swift; path = HomeItemsVC.swift; sourceTree = "<group>"; };
		65C507A41FE2DC3600A30675 /* CircleImage.swift */ = {isa = PBXFileReference; lastKnownFileType = sourcecode.swift; path = CircleImage.swift; sourceTree = "<group>"; };
		65EBE8CA20033BF500B1DB03 /* User.swift */ = {isa = PBXFileReference; lastKnownFileType = sourcecode.swift; path = User.swift; sourceTree = "<group>"; };
		65EBE8CC20033C7500B1DB03 /* Message.swift */ = {isa = PBXFileReference; lastKnownFileType = sourcecode.swift; path = Message.swift; sourceTree = "<group>"; };
		65EBE8CE20033E1600B1DB03 /* MessageCell.swift */ = {isa = PBXFileReference; lastKnownFileType = sourcecode.swift; path = MessageCell.swift; sourceTree = "<group>"; };
		65EBE8D22004C86400B1DB03 /* ServiceCell.swift */ = {isa = PBXFileReference; lastKnownFileType = sourcecode.swift; path = ServiceCell.swift; sourceTree = "<group>"; };
		65EBE8D42004C93F00B1DB03 /* DatabaseVC.swift */ = {isa = PBXFileReference; lastKnownFileType = sourcecode.swift; path = DatabaseVC.swift; sourceTree = "<group>"; };
		65EBE8D62004CAC200B1DB03 /* Service.swift */ = {isa = PBXFileReference; lastKnownFileType = sourcecode.swift; path = Service.swift; sourceTree = "<group>"; };
		815ACA7C9A99E18F58F26C18 /* Pods-KmongTests.release.xcconfig */ = {isa = PBXFileReference; includeInIndex = 1; lastKnownFileType = text.xcconfig; name = "Pods-KmongTests.release.xcconfig"; path = "Pods/Target Support Files/Pods-KmongTests/Pods-KmongTests.release.xcconfig"; sourceTree = "<group>"; };
		94D4EE780A97CD0EAC6C925E /* Pods-Kmong.debug.xcconfig */ = {isa = PBXFileReference; includeInIndex = 1; lastKnownFileType = text.xcconfig; name = "Pods-Kmong.debug.xcconfig"; path = "Pods/Target Support Files/Pods-Kmong/Pods-Kmong.debug.xcconfig"; sourceTree = "<group>"; };
		98C280DC1235B6376F745BBB /* Pods-Kmong.release.xcconfig */ = {isa = PBXFileReference; includeInIndex = 1; lastKnownFileType = text.xcconfig; name = "Pods-Kmong.release.xcconfig"; path = "Pods/Target Support Files/Pods-Kmong/Pods-Kmong.release.xcconfig"; sourceTree = "<group>"; };
		B1C7723A6788E107939C31C0 /* Pods-KmongUITests.debug.xcconfig */ = {isa = PBXFileReference; includeInIndex = 1; lastKnownFileType = text.xcconfig; name = "Pods-KmongUITests.debug.xcconfig"; path = "Pods/Target Support Files/Pods-KmongUITests/Pods-KmongUITests.debug.xcconfig"; sourceTree = "<group>"; };
		B34C4E3ABD35BEB6851479F7 /* Pods_Kmong.framework */ = {isa = PBXFileReference; explicitFileType = wrapper.framework; includeInIndex = 0; path = Pods_Kmong.framework; sourceTree = BUILT_PRODUCTS_DIR; };
		D08B529D6A6613BD3EEC6D8D /* Pods-KmongTests.debug.xcconfig */ = {isa = PBXFileReference; includeInIndex = 1; lastKnownFileType = text.xcconfig; name = "Pods-KmongTests.debug.xcconfig"; path = "Pods/Target Support Files/Pods-KmongTests/Pods-KmongTests.debug.xcconfig"; sourceTree = "<group>"; };
		F131A858D1357110C705CB7C /* Pods-KmongUITests.release.xcconfig */ = {isa = PBXFileReference; includeInIndex = 1; lastKnownFileType = text.xcconfig; name = "Pods-KmongUITests.release.xcconfig"; path = "Pods/Target Support Files/Pods-KmongUITests/Pods-KmongUITests.release.xcconfig"; sourceTree = "<group>"; };
		F78CA27EC5AE6A99A76F9E65 /* Pods_KmongTests.framework */ = {isa = PBXFileReference; explicitFileType = wrapper.framework; includeInIndex = 0; path = Pods_KmongTests.framework; sourceTree = BUILT_PRODUCTS_DIR; };
		F9DBCCF237BA25DDF1D46EC3 /* Pods_KmongUITests.framework */ = {isa = PBXFileReference; explicitFileType = wrapper.framework; includeInIndex = 0; path = Pods_KmongUITests.framework; sourceTree = BUILT_PRODUCTS_DIR; };
/* End PBXFileReference section */

/* Begin PBXFrameworksBuildPhase section */
		656D332A1FE1212E00787069 /* Frameworks */ = {
			isa = PBXFrameworksBuildPhase;
			buildActionMask = 2147483647;
			files = (
				6AA5C2598081FBA5B53D0916 /* Pods_Kmong.framework in Frameworks */,
			);
			runOnlyForDeploymentPostprocessing = 0;
		};
		656D333E1FE1212E00787069 /* Frameworks */ = {
			isa = PBXFrameworksBuildPhase;
			buildActionMask = 2147483647;
			files = (
				DE74A360A70792C43B9307EE /* Pods_KmongTests.framework in Frameworks */,
			);
			runOnlyForDeploymentPostprocessing = 0;
		};
		656D33491FE1212E00787069 /* Frameworks */ = {
			isa = PBXFrameworksBuildPhase;
			buildActionMask = 2147483647;
			files = (
				5B6AA26BCA47A29D6CBB14D3 /* Pods_KmongUITests.framework in Frameworks */,
			);
			runOnlyForDeploymentPostprocessing = 0;
		};
/* End PBXFrameworksBuildPhase section */

/* Begin PBXGroup section */
		653394E31FE17933004F8EE3 /* Service */ = {
			isa = PBXGroup;
			children = (
				653394E41FE17951004F8EE3 /* DataService.swift */,
				654DB2761FFFAA7B0019F2DF /* AuthService.swift */,
			);
			path = Service;
			sourceTree = "<group>";
		};
		656D33241FE1212E00787069 = {
			isa = PBXGroup;
			children = (
				656D332F1FE1212E00787069 /* Kmong */,
				656D33441FE1212E00787069 /* KmongTests */,
				656D334F1FE1212E00787069 /* KmongUITests */,
				656D332E1FE1212E00787069 /* Products */,
				983EE0ADEA004518D97DD74C /* Pods */,
				DEC389BEDD064D399ABE21BA /* Frameworks */,
			);
			sourceTree = "<group>";
		};
		656D332E1FE1212E00787069 /* Products */ = {
			isa = PBXGroup;
			children = (
				656D332D1FE1212E00787069 /* Kmong.app */,
				656D33411FE1212E00787069 /* KmongTests.xctest */,
				656D334C1FE1212E00787069 /* KmongUITests.xctest */,
			);
			name = Products;
			sourceTree = "<group>";
		};
		656D332F1FE1212E00787069 /* Kmong */ = {
			isa = PBXGroup;
			children = (
				65AD440A1FE80B65006388FA /* video.mp4 */,
				656D33601FE1214C00787069 /* Model */,
				653394E31FE17933004F8EE3 /* Service */,
				656D335F1FE1214800787069 /* View */,
				65AD43EB1FE454C6006388FA /* SubController */,
				656D335E1FE1213700787069 /* Controller */,
				656D33301FE1212E00787069 /* AppDelegate.swift */,
				651E0F6A1FF406E1005E51FB /* GoogleService-Info.plist */,
				656D33341FE1212E00787069 /* Main.storyboard */,
				656D33371FE1212E00787069 /* Assets.xcassets */,
				656D33391FE1212E00787069 /* LaunchScreen.storyboard */,
				656D333C1FE1212E00787069 /* Info.plist */,
			);
			path = Kmong;
			sourceTree = "<group>";
		};
		656D33441FE1212E00787069 /* KmongTests */ = {
			isa = PBXGroup;
			children = (
				656D33451FE1212E00787069 /* KmongTests.swift */,
				656D33471FE1212E00787069 /* Info.plist */,
			);
			path = KmongTests;
			sourceTree = "<group>";
		};
		656D334F1FE1212E00787069 /* KmongUITests */ = {
			isa = PBXGroup;
			children = (
				656D33501FE1212E00787069 /* KmongUITests.swift */,
				656D33521FE1212E00787069 /* Info.plist */,
			);
			path = KmongUITests;
			sourceTree = "<group>";
		};
		656D335E1FE1213700787069 /* Controller */ = {
			isa = PBXGroup;
			children = (
				6587ECD11FE1250500A617EF /* MainVC.swift */,
				657085941FE4326C00969621 /* HomeVC.swift */,
				651D21231FE1AE7B000FD273 /* CategoryVC.swift */,
				651E0F621FF3C4F9005E51FB /* AccountVC.swift */,
				651E0F6C1FF4105A005E51FB /* MessageVC.swift */,
				65EBE8D42004C93F00B1DB03 /* DatabaseVC.swift */,
			);
			path = Controller;
			sourceTree = "<group>";
		};
		656D335F1FE1214800787069 /* View */ = {
			isa = PBXGroup;
			children = (
				65C507A41FE2DC3600A30675 /* CircleImage.swift */,
				6570B1681FE176DD00CE09DB /* RoundedButton.swift */,
				657085921FE431B500969621 /* BackButton.swift */,
				651D21251FE1AF6F000FD273 /* CategoryCell.swift */,
				65AD44041FE6439C006388FA /* CategoryCollectionCell.swift */,
				65AD43F81FE511BD006388FA /* PageView.swift */,
				65AD44131FE81A3F006388FA /* VideoView.swift */,
				65AD44151FE84C8D006388FA /* ItemCell.swift */,
				65EBE8CE20033E1600B1DB03 /* MessageCell.swift */,
				65EBE8D22004C86400B1DB03 /* ServiceCell.swift */,
			);
			path = View;
			sourceTree = "<group>";
		};
		656D33601FE1214C00787069 /* Model */ = {
			isa = PBXGroup;
			children = (
				653394E61FE179CD004F8EE3 /* Category.swift */,
				65AD43E91FE435B0006388FA /* Item.swift */,
				65AD43FE1FE62AAB006388FA /* Value.swift */,
				65EBE8CA20033BF500B1DB03 /* User.swift */,
				65EBE8CC20033C7500B1DB03 /* Message.swift */,
				65EBE8D62004CAC200B1DB03 /* Service.swift */,
			);
			path = Model;
			sourceTree = "<group>";
		};
		65AD43EB1FE454C6006388FA /* SubController */ = {
			isa = PBXGroup;
			children = (
				651E648C1FE1911C004F55BC /* SubMainVC.swift */,
				65AD43F61FE50F20006388FA /* HomePageVC.swift */,
				65AD44001FE64239006388FA /* HomeCollectionVC.swift */,
				65AD44171FE84CCA006388FA /* HomeItemsVC.swift */,
				651E0F641FF3C508005E51FB /* LoginVC.swift */,
				65AD44081FE7C9B6006388FA /* HomeUrlVC.swift */,
				651E0F661FF3C51C005E51FB /* CreateAccountVC.swift */,
				651E0F6E1FF4106A005E51FB /* SendMessageVC.swift */,
			);
			path = SubController;
			sourceTree = "<group>";
		};
		983EE0ADEA004518D97DD74C /* Pods */ = {
			isa = PBXGroup;
			children = (
				94D4EE780A97CD0EAC6C925E /* Pods-Kmong.debug.xcconfig */,
				98C280DC1235B6376F745BBB /* Pods-Kmong.release.xcconfig */,
				D08B529D6A6613BD3EEC6D8D /* Pods-KmongTests.debug.xcconfig */,
				815ACA7C9A99E18F58F26C18 /* Pods-KmongTests.release.xcconfig */,
				B1C7723A6788E107939C31C0 /* Pods-KmongUITests.debug.xcconfig */,
				F131A858D1357110C705CB7C /* Pods-KmongUITests.release.xcconfig */,
			);
			name = Pods;
			sourceTree = "<group>";
		};
		DEC389BEDD064D399ABE21BA /* Frameworks */ = {
			isa = PBXGroup;
			children = (
				B34C4E3ABD35BEB6851479F7 /* Pods_Kmong.framework */,
				F78CA27EC5AE6A99A76F9E65 /* Pods_KmongTests.framework */,
				F9DBCCF237BA25DDF1D46EC3 /* Pods_KmongUITests.framework */,
			);
			name = Frameworks;
			sourceTree = "<group>";
		};
/* End PBXGroup section */

/* Begin PBXNativeTarget section */
		656D332C1FE1212E00787069 /* Kmong */ = {
			isa = PBXNativeTarget;
			buildConfigurationList = 656D33551FE1212E00787069 /* Build configuration list for PBXNativeTarget "Kmong" */;
			buildPhases = (
				2742E8C392A0FF132C3AB144 /* [CP] Check Pods Manifest.lock */,
				656D33291FE1212E00787069 /* Sources */,
				656D332A1FE1212E00787069 /* Frameworks */,
				656D332B1FE1212E00787069 /* Resources */,
				08DE0A1837CF55CDED5017B5 /* [CP] Embed Pods Frameworks */,
				F11343364A801A5FC8F9DD33 /* [CP] Copy Pods Resources */,
			);
			buildRules = (
			);
			dependencies = (
			);
			name = Kmong;
			productName = Kmong;
			productReference = 656D332D1FE1212E00787069 /* Kmong.app */;
			productType = "com.apple.product-type.application";
		};
		656D33401FE1212E00787069 /* KmongTests */ = {
			isa = PBXNativeTarget;
			buildConfigurationList = 656D33581FE1212E00787069 /* Build configuration list for PBXNativeTarget "KmongTests" */;
			buildPhases = (
				7BBF9689C1C59EEF84B621B4 /* [CP] Check Pods Manifest.lock */,
				656D333D1FE1212E00787069 /* Sources */,
				656D333E1FE1212E00787069 /* Frameworks */,
				656D333F1FE1212E00787069 /* Resources */,
				56D889AE76F7B7C780C57318 /* [CP] Embed Pods Frameworks */,
				EF98B76E6B1C36BCC81659D1 /* [CP] Copy Pods Resources */,
			);
			buildRules = (
			);
			dependencies = (
				656D33431FE1212E00787069 /* PBXTargetDependency */,
			);
			name = KmongTests;
			productName = KmongTests;
			productReference = 656D33411FE1212E00787069 /* KmongTests.xctest */;
			productType = "com.apple.product-type.bundle.unit-test";
		};
		656D334B1FE1212E00787069 /* KmongUITests */ = {
			isa = PBXNativeTarget;
			buildConfigurationList = 656D335B1FE1212E00787069 /* Build configuration list for PBXNativeTarget "KmongUITests" */;
			buildPhases = (
				620EA356AB50DE2CA630F721 /* [CP] Check Pods Manifest.lock */,
				656D33481FE1212E00787069 /* Sources */,
				656D33491FE1212E00787069 /* Frameworks */,
				656D334A1FE1212E00787069 /* Resources */,
				5F839A56B92247418D668F4A /* [CP] Embed Pods Frameworks */,
				A3E022F7F3BEC9917FD9FC4A /* [CP] Copy Pods Resources */,
			);
			buildRules = (
			);
			dependencies = (
				656D334E1FE1212E00787069 /* PBXTargetDependency */,
			);
			name = KmongUITests;
			productName = KmongUITests;
			productReference = 656D334C1FE1212E00787069 /* KmongUITests.xctest */;
			productType = "com.apple.product-type.bundle.ui-testing";
		};
/* End PBXNativeTarget section */

/* Begin PBXProject section */
		656D33251FE1212E00787069 /* Project object */ = {
			isa = PBXProject;
			attributes = {
				LastSwiftUpdateCheck = 0910;
				LastUpgradeCheck = 0910;
				ORGANIZATIONNAME = Eunseok;
				TargetAttributes = {
					656D332C1FE1212E00787069 = {
						CreatedOnToolsVersion = 9.1;
						LastSwiftMigration = 0910;
						ProvisioningStyle = Automatic;
					};
					656D33401FE1212E00787069 = {
						CreatedOnToolsVersion = 9.1;
						ProvisioningStyle = Automatic;
						TestTargetID = 656D332C1FE1212E00787069;
					};
					656D334B1FE1212E00787069 = {
						CreatedOnToolsVersion = 9.1;
						ProvisioningStyle = Automatic;
						TestTargetID = 656D332C1FE1212E00787069;
					};
				};
			};
			buildConfigurationList = 656D33281FE1212E00787069 /* Build configuration list for PBXProject "Kmong" */;
			compatibilityVersion = "Xcode 8.0";
			developmentRegion = en;
			hasScannedForEncodings = 0;
			knownRegions = (
				en,
				Base,
			);
			mainGroup = 656D33241FE1212E00787069;
			productRefGroup = 656D332E1FE1212E00787069 /* Products */;
			projectDirPath = "";
			projectRoot = "";
			targets = (
				656D332C1FE1212E00787069 /* Kmong */,
				656D33401FE1212E00787069 /* KmongTests */,
				656D334B1FE1212E00787069 /* KmongUITests */,
			);
		};
/* End PBXProject section */

/* Begin PBXResourcesBuildPhase section */
		656D332B1FE1212E00787069 /* Resources */ = {
			isa = PBXResourcesBuildPhase;
			buildActionMask = 2147483647;
			files = (
				656D333B1FE1212E00787069 /* LaunchScreen.storyboard in Resources */,
				65AD440B1FE80B65006388FA /* video.mp4 in Resources */,
				651E0F6B1FF406E2005E51FB /* GoogleService-Info.plist in Resources */,
				656D33381FE1212E00787069 /* Assets.xcassets in Resources */,
				656D33361FE1212E00787069 /* Main.storyboard in Resources */,
			);
			runOnlyForDeploymentPostprocessing = 0;
		};
		656D333F1FE1212E00787069 /* Resources */ = {
			isa = PBXResourcesBuildPhase;
			buildActionMask = 2147483647;
			files = (
			);
			runOnlyForDeploymentPostprocessing = 0;
		};
		656D334A1FE1212E00787069 /* Resources */ = {
			isa = PBXResourcesBuildPhase;
			buildActionMask = 2147483647;
			files = (
			);
			runOnlyForDeploymentPostprocessing = 0;
		};
/* End PBXResourcesBuildPhase section */

/* Begin PBXShellScriptBuildPhase section */
		08DE0A1837CF55CDED5017B5 /* [CP] Embed Pods Frameworks */ = {
			isa = PBXShellScriptBuildPhase;
			buildActionMask = 2147483647;
			files = (
			);
			inputPaths = (
			);
			name = "[CP] Embed Pods Frameworks";
			outputPaths = (
			);
			runOnlyForDeploymentPostprocessing = 0;
			shellPath = /bin/sh;
			shellScript = "\"${SRCROOT}/Pods/Target Support Files/Pods-Kmong/Pods-Kmong-frameworks.sh\"\n";
			showEnvVarsInLog = 0;
		};
		2742E8C392A0FF132C3AB144 /* [CP] Check Pods Manifest.lock */ = {
			isa = PBXShellScriptBuildPhase;
			buildActionMask = 2147483647;
			files = (
			);
			inputPaths = (
			);
			name = "[CP] Check Pods Manifest.lock";
			outputPaths = (
			);
			runOnlyForDeploymentPostprocessing = 0;
			shellPath = /bin/sh;
			shellScript = "diff \"${PODS_ROOT}/../Podfile.lock\" \"${PODS_ROOT}/Manifest.lock\" > /dev/null\nif [ $? != 0 ] ; then\n    # print error to STDERR\n    echo \"error: The sandbox is not in sync with the Podfile.lock. Run 'pod install' or update your CocoaPods installation.\" >&2\n    exit 1\nfi\n";
			showEnvVarsInLog = 0;
		};
		56D889AE76F7B7C780C57318 /* [CP] Embed Pods Frameworks */ = {
			isa = PBXShellScriptBuildPhase;
			buildActionMask = 2147483647;
			files = (
			);
			inputPaths = (
			);
			name = "[CP] Embed Pods Frameworks";
			outputPaths = (
			);
			runOnlyForDeploymentPostprocessing = 0;
			shellPath = /bin/sh;
			shellScript = "\"${SRCROOT}/Pods/Target Support Files/Pods-KmongTests/Pods-KmongTests-frameworks.sh\"\n";
			showEnvVarsInLog = 0;
		};
		5F839A56B92247418D668F4A /* [CP] Embed Pods Frameworks */ = {
			isa = PBXShellScriptBuildPhase;
			buildActionMask = 2147483647;
			files = (
			);
			inputPaths = (
			);
			name = "[CP] Embed Pods Frameworks";
			outputPaths = (
			);
			runOnlyForDeploymentPostprocessing = 0;
			shellPath = /bin/sh;
			shellScript = "\"${SRCROOT}/Pods/Target Support Files/Pods-KmongUITests/Pods-KmongUITests-frameworks.sh\"\n";
			showEnvVarsInLog = 0;
		};
		620EA356AB50DE2CA630F721 /* [CP] Check Pods Manifest.lock */ = {
			isa = PBXShellScriptBuildPhase;
			buildActionMask = 2147483647;
			files = (
			);
			inputPaths = (
			);
			name = "[CP] Check Pods Manifest.lock";
			outputPaths = (
			);
			runOnlyForDeploymentPostprocessing = 0;
			shellPath = /bin/sh;
			shellScript = "diff \"${PODS_ROOT}/../Podfile.lock\" \"${PODS_ROOT}/Manifest.lock\" > /dev/null\nif [ $? != 0 ] ; then\n    # print error to STDERR\n    echo \"error: The sandbox is not in sync with the Podfile.lock. Run 'pod install' or update your CocoaPods installation.\" >&2\n    exit 1\nfi\n";
			showEnvVarsInLog = 0;
		};
		7BBF9689C1C59EEF84B621B4 /* [CP] Check Pods Manifest.lock */ = {
			isa = PBXShellScriptBuildPhase;
			buildActionMask = 2147483647;
			files = (
			);
			inputPaths = (
			);
			name = "[CP] Check Pods Manifest.lock";
			outputPaths = (
			);
			runOnlyForDeploymentPostprocessing = 0;
			shellPath = /bin/sh;
			shellScript = "diff \"${PODS_ROOT}/../Podfile.lock\" \"${PODS_ROOT}/Manifest.lock\" > /dev/null\nif [ $? != 0 ] ; then\n    # print error to STDERR\n    echo \"error: The sandbox is not in sync with the Podfile.lock. Run 'pod install' or update your CocoaPods installation.\" >&2\n    exit 1\nfi\n";
			showEnvVarsInLog = 0;
		};
		A3E022F7F3BEC9917FD9FC4A /* [CP] Copy Pods Resources */ = {
			isa = PBXShellScriptBuildPhase;
			buildActionMask = 2147483647;
			files = (
			);
			inputPaths = (
			);
			name = "[CP] Copy Pods Resources";
			outputPaths = (
			);
			runOnlyForDeploymentPostprocessing = 0;
			shellPath = /bin/sh;
			shellScript = "\"${SRCROOT}/Pods/Target Support Files/Pods-KmongUITests/Pods-KmongUITests-resources.sh\"\n";
			showEnvVarsInLog = 0;
		};
		EF98B76E6B1C36BCC81659D1 /* [CP] Copy Pods Resources */ = {
			isa = PBXShellScriptBuildPhase;
			buildActionMask = 2147483647;
			files = (
			);
			inputPaths = (
			);
			name = "[CP] Copy Pods Resources";
			outputPaths = (
			);
			runOnlyForDeploymentPostprocessing = 0;
			shellPath = /bin/sh;
			shellScript = "\"${SRCROOT}/Pods/Target Support Files/Pods-KmongTests/Pods-KmongTests-resources.sh\"\n";
			showEnvVarsInLog = 0;
		};
		F11343364A801A5FC8F9DD33 /* [CP] Copy Pods Resources */ = {
			isa = PBXShellScriptBuildPhase;
			buildActionMask = 2147483647;
			files = (
			);
			inputPaths = (
			);
			name = "[CP] Copy Pods Resources";
			outputPaths = (
			);
			runOnlyForDeploymentPostprocessing = 0;
			shellPath = /bin/sh;
			shellScript = "\"${SRCROOT}/Pods/Target Support Files/Pods-Kmong/Pods-Kmong-resources.sh\"\n";
			showEnvVarsInLog = 0;
		};
/* End PBXShellScriptBuildPhase section */

/* Begin PBXSourcesBuildPhase section */
		656D33291FE1212E00787069 /* Sources */ = {
			isa = PBXSourcesBuildPhase;
			buildActionMask = 2147483647;
			files = (
				651E0F631FF3C4F9005E51FB /* AccountVC.swift in Sources */,
				65AD43FF1FE62AAB006388FA /* Value.swift in Sources */,
				651E0F671FF3C51C005E51FB /* CreateAccountVC.swift in Sources */,
				651E648D1FE1911C004F55BC /* SubMainVC.swift in Sources */,
				65EBE8D32004C86400B1DB03 /* ServiceCell.swift in Sources */,
				65EBE8CD20033C7500B1DB03 /* Message.swift in Sources */,
				651E0F6D1FF4105A005E51FB /* MessageVC.swift in Sources */,
				65AD44051FE6439C006388FA /* CategoryCollectionCell.swift in Sources */,
				65EBE8D72004CAC200B1DB03 /* Service.swift in Sources */,
				65AD44091FE7C9B6006388FA /* HomeUrlVC.swift in Sources */,
				653394E71FE179CD004F8EE3 /* Category.swift in Sources */,
				657085931FE431B500969621 /* BackButton.swift in Sources */,
				651D21241FE1AE7B000FD273 /* CategoryVC.swift in Sources */,
				65EBE8CF20033E1600B1DB03 /* MessageCell.swift in Sources */,
				65AD43F71FE50F20006388FA /* HomePageVC.swift in Sources */,
				653394E51FE17951004F8EE3 /* DataService.swift in Sources */,
				65AD44011FE64239006388FA /* HomeCollectionVC.swift in Sources */,
				656D33311FE1212E00787069 /* AppDelegate.swift in Sources */,
				65AD44161FE84C8D006388FA /* ItemCell.swift in Sources */,
				651D21261FE1AF6F000FD273 /* CategoryCell.swift in Sources */,
				6570B1691FE176DD00CE09DB /* RoundedButton.swift in Sources */,
				65AD44181FE84CCA006388FA /* HomeItemsVC.swift in Sources */,
				65AD43EA1FE435B0006388FA /* Item.swift in Sources */,
				657085951FE4326C00969621 /* HomeVC.swift in Sources */,
				65EBE8CB20033BF500B1DB03 /* User.swift in Sources */,
				65AD44141FE81A3F006388FA /* VideoView.swift in Sources */,
				65EBE8D52004C93F00B1DB03 /* DatabaseVC.swift in Sources */,
				654DB2771FFFAA7B0019F2DF /* AuthService.swift in Sources */,
				651E0F6F1FF4106A005E51FB /* SendMessageVC.swift in Sources */,
				6587ECD21FE1250500A617EF /* MainVC.swift in Sources */,
				65AD43F91FE511BD006388FA /* PageView.swift in Sources */,
				65C507A51FE2DC3600A30675 /* CircleImage.swift in Sources */,
				651E0F651FF3C509005E51FB /* LoginVC.swift in Sources */,
			);
			runOnlyForDeploymentPostprocessing = 0;
		};
		656D333D1FE1212E00787069 /* Sources */ = {
			isa = PBXSourcesBuildPhase;
			buildActionMask = 2147483647;
			files = (
				656D33461FE1212E00787069 /* KmongTests.swift in Sources */,
			);
			runOnlyForDeploymentPostprocessing = 0;
		};
		656D33481FE1212E00787069 /* Sources */ = {
			isa = PBXSourcesBuildPhase;
			buildActionMask = 2147483647;
			files = (
				656D33511FE1212E00787069 /* KmongUITests.swift in Sources */,
			);
			runOnlyForDeploymentPostprocessing = 0;
		};
/* End PBXSourcesBuildPhase section */

/* Begin PBXTargetDependency section */
		656D33431FE1212E00787069 /* PBXTargetDependency */ = {
			isa = PBXTargetDependency;
			target = 656D332C1FE1212E00787069 /* Kmong */;
			targetProxy = 656D33421FE1212E00787069 /* PBXContainerItemProxy */;
		};
		656D334E1FE1212E00787069 /* PBXTargetDependency */ = {
			isa = PBXTargetDependency;
			target = 656D332C1FE1212E00787069 /* Kmong */;
			targetProxy = 656D334D1FE1212E00787069 /* PBXContainerItemProxy */;
		};
/* End PBXTargetDependency section */

/* Begin PBXVariantGroup section */
		656D33341FE1212E00787069 /* Main.storyboard */ = {
			isa = PBXVariantGroup;
			children = (
				656D33351FE1212E00787069 /* Base */,
			);
			name = Main.storyboard;
			sourceTree = "<group>";
		};
		656D33391FE1212E00787069 /* LaunchScreen.storyboard */ = {
			isa = PBXVariantGroup;
			children = (
				656D333A1FE1212E00787069 /* Base */,
			);
			name = LaunchScreen.storyboard;
			sourceTree = "<group>";
		};
/* End PBXVariantGroup section */

/* Begin XCBuildConfiguration section */
		656D33531FE1212E00787069 /* Debug */ = {
			isa = XCBuildConfiguration;
			buildSettings = {
				ALWAYS_SEARCH_USER_PATHS = NO;
				CLANG_ANALYZER_NONNULL = YES;
				CLANG_ANALYZER_NUMBER_OBJECT_CONVERSION = YES_AGGRESSIVE;
				CLANG_CXX_LANGUAGE_STANDARD = "gnu++14";
				CLANG_CXX_LIBRARY = "libc++";
				CLANG_ENABLE_MODULES = YES;
				CLANG_ENABLE_OBJC_ARC = YES;
				CLANG_WARN_BLOCK_CAPTURE_AUTORELEASING = YES;
				CLANG_WARN_BOOL_CONVERSION = YES;
				CLANG_WARN_COMMA = YES;
				CLANG_WARN_CONSTANT_CONVERSION = YES;
				CLANG_WARN_DIRECT_OBJC_ISA_USAGE = YES_ERROR;
				CLANG_WARN_DOCUMENTATION_COMMENTS = YES;
				CLANG_WARN_EMPTY_BODY = YES;
				CLANG_WARN_ENUM_CONVERSION = YES;
				CLANG_WARN_INFINITE_RECURSION = YES;
				CLANG_WARN_INT_CONVERSION = YES;
				CLANG_WARN_NON_LITERAL_NULL_CONVERSION = YES;
				CLANG_WARN_OBJC_LITERAL_CONVERSION = YES;
				CLANG_WARN_OBJC_ROOT_CLASS = YES_ERROR;
				CLANG_WARN_RANGE_LOOP_ANALYSIS = YES;
				CLANG_WARN_STRICT_PROTOTYPES = YES;
				CLANG_WARN_SUSPICIOUS_MOVE = YES;
				CLANG_WARN_UNGUARDED_AVAILABILITY = YES_AGGRESSIVE;
				CLANG_WARN_UNREACHABLE_CODE = YES;
				CLANG_WARN__DUPLICATE_METHOD_MATCH = YES;
				CODE_SIGN_IDENTITY = "iPhone Developer";
				COPY_PHASE_STRIP = NO;
				DEBUG_INFORMATION_FORMAT = dwarf;
				ENABLE_STRICT_OBJC_MSGSEND = YES;
				ENABLE_TESTABILITY = YES;
				GCC_C_LANGUAGE_STANDARD = gnu11;
				GCC_DYNAMIC_NO_PIC = NO;
				GCC_NO_COMMON_BLOCKS = YES;
				GCC_OPTIMIZATION_LEVEL = 0;
				GCC_PREPROCESSOR_DEFINITIONS = (
					"DEBUG=1",
					"$(inherited)",
				);
				GCC_WARN_64_TO_32_BIT_CONVERSION = YES;
				GCC_WARN_ABOUT_RETURN_TYPE = YES_ERROR;
				GCC_WARN_UNDECLARED_SELECTOR = YES;
				GCC_WARN_UNINITIALIZED_AUTOS = YES_AGGRESSIVE;
				GCC_WARN_UNUSED_FUNCTION = YES;
				GCC_WARN_UNUSED_VARIABLE = YES;
				IPHONEOS_DEPLOYMENT_TARGET = 11.1;
				MTL_ENABLE_DEBUG_INFO = YES;
				ONLY_ACTIVE_ARCH = YES;
				SDKROOT = iphoneos;
				SWIFT_ACTIVE_COMPILATION_CONDITIONS = DEBUG;
				SWIFT_OPTIMIZATION_LEVEL = "-Onone";
			};
			name = Debug;
		};
		656D33541FE1212E00787069 /* Release */ = {
			isa = XCBuildConfiguration;
			buildSettings = {
				ALWAYS_SEARCH_USER_PATHS = NO;
				CLANG_ANALYZER_NONNULL = YES;
				CLANG_ANALYZER_NUMBER_OBJECT_CONVERSION = YES_AGGRESSIVE;
				CLANG_CXX_LANGUAGE_STANDARD = "gnu++14";
				CLANG_CXX_LIBRARY = "libc++";
				CLANG_ENABLE_MODULES = YES;
				CLANG_ENABLE_OBJC_ARC = YES;
				CLANG_WARN_BLOCK_CAPTURE_AUTORELEASING = YES;
				CLANG_WARN_BOOL_CONVERSION = YES;
				CLANG_WARN_COMMA = YES;
				CLANG_WARN_CONSTANT_CONVERSION = YES;
				CLANG_WARN_DIRECT_OBJC_ISA_USAGE = YES_ERROR;
				CLANG_WARN_DOCUMENTATION_COMMENTS = YES;
				CLANG_WARN_EMPTY_BODY = YES;
				CLANG_WARN_ENUM_CONVERSION = YES;
				CLANG_WARN_INFINITE_RECURSION = YES;
				CLANG_WARN_INT_CONVERSION = YES;
				CLANG_WARN_NON_LITERAL_NULL_CONVERSION = YES;
				CLANG_WARN_OBJC_LITERAL_CONVERSION = YES;
				CLANG_WARN_OBJC_ROOT_CLASS = YES_ERROR;
				CLANG_WARN_RANGE_LOOP_ANALYSIS = YES;
				CLANG_WARN_STRICT_PROTOTYPES = YES;
				CLANG_WARN_SUSPICIOUS_MOVE = YES;
				CLANG_WARN_UNGUARDED_AVAILABILITY = YES_AGGRESSIVE;
				CLANG_WARN_UNREACHABLE_CODE = YES;
				CLANG_WARN__DUPLICATE_METHOD_MATCH = YES;
				CODE_SIGN_IDENTITY = "iPhone Developer";
				COPY_PHASE_STRIP = NO;
				DEBUG_INFORMATION_FORMAT = "dwarf-with-dsym";
				ENABLE_NS_ASSERTIONS = NO;
				ENABLE_STRICT_OBJC_MSGSEND = YES;
				GCC_C_LANGUAGE_STANDARD = gnu11;
				GCC_NO_COMMON_BLOCKS = YES;
				GCC_WARN_64_TO_32_BIT_CONVERSION = YES;
				GCC_WARN_ABOUT_RETURN_TYPE = YES_ERROR;
				GCC_WARN_UNDECLARED_SELECTOR = YES;
				GCC_WARN_UNINITIALIZED_AUTOS = YES_AGGRESSIVE;
				GCC_WARN_UNUSED_FUNCTION = YES;
				GCC_WARN_UNUSED_VARIABLE = YES;
				IPHONEOS_DEPLOYMENT_TARGET = 11.1;
				MTL_ENABLE_DEBUG_INFO = NO;
				SDKROOT = iphoneos;
				SWIFT_OPTIMIZATION_LEVEL = "-Owholemodule";
				VALIDATE_PRODUCT = YES;
			};
			name = Release;
		};
		656D33561FE1212E00787069 /* Debug */ = {
			isa = XCBuildConfiguration;
			baseConfigurationReference = 94D4EE780A97CD0EAC6C925E /* Pods-Kmong.debug.xcconfig */;
			buildSettings = {
				ASSETCATALOG_COMPILER_APPICON_NAME = AppIcon;
				CLANG_ENABLE_MODULES = YES;
				"CODE_SIGN_IDENTITY[sdk=iphoneos*]" = "iPhone Developer";
				CODE_SIGN_STYLE = Automatic;
				DEVELOPMENT_TEAM = X7JPFRW45P;
				INFOPLIST_FILE = Kmong/Info.plist;
				IPHONEOS_DEPLOYMENT_TARGET = 11.1;
				LD_RUNPATH_SEARCH_PATHS = "$(inherited) @executable_path/Frameworks";
				PRODUCT_BUNDLE_IDENTIFIER = com.bitmon.Kmong;
				PRODUCT_NAME = "$(TARGET_NAME)";
				PROVISIONING_PROFILE_SPECIFIER = "";
				SWIFT_OBJC_BRIDGING_HEADER = "Kmong/Supporting Files/Kmong-Bridging-Header.h";
				SWIFT_OPTIMIZATION_LEVEL = "-Onone";
				SWIFT_VERSION = 4.0;
				TARGETED_DEVICE_FAMILY = "1,2";
			};
			name = Debug;
		};
		656D33571FE1212E00787069 /* Release */ = {
			isa = XCBuildConfiguration;
			baseConfigurationReference = 98C280DC1235B6376F745BBB /* Pods-Kmong.release.xcconfig */;
			buildSettings = {
				ASSETCATALOG_COMPILER_APPICON_NAME = AppIcon;
				CLANG_ENABLE_MODULES = YES;
				"CODE_SIGN_IDENTITY[sdk=iphoneos*]" = "iPhone Developer";
				CODE_SIGN_STYLE = Automatic;
				DEVELOPMENT_TEAM = X7JPFRW45P;
				INFOPLIST_FILE = Kmong/Info.plist;
				IPHONEOS_DEPLOYMENT_TARGET = 11.1;
				LD_RUNPATH_SEARCH_PATHS = "$(inherited) @executable_path/Frameworks";
				PRODUCT_BUNDLE_IDENTIFIER = com.bitmon.Kmong;
				PRODUCT_NAME = "$(TARGET_NAME)";
				PROVISIONING_PROFILE_SPECIFIER = "";
				SWIFT_OBJC_BRIDGING_HEADER = "Kmong/Supporting Files/Kmong-Bridging-Header.h";
				SWIFT_VERSION = 4.0;
				TARGETED_DEVICE_FAMILY = "1,2";
			};
			name = Release;
		};
		656D33591FE1212E00787069 /* Debug */ = {
			isa = XCBuildConfiguration;
			baseConfigurationReference = D08B529D6A6613BD3EEC6D8D /* Pods-KmongTests.debug.xcconfig */;
			buildSettings = {
				ALWAYS_EMBED_SWIFT_STANDARD_LIBRARIES = YES;
				BUNDLE_LOADER = "$(TEST_HOST)";
				CODE_SIGN_STYLE = Automatic;
				INFOPLIST_FILE = KmongTests/Info.plist;
				LD_RUNPATH_SEARCH_PATHS = "$(inherited) @executable_path/Frameworks @loader_path/Frameworks";
				PRODUCT_BUNDLE_IDENTIFIER = com.bitmon.KmongTests;
				PRODUCT_NAME = "$(TARGET_NAME)";
				SWIFT_VERSION = 4.0;
				TARGETED_DEVICE_FAMILY = "1,2";
				TEST_HOST = "$(BUILT_PRODUCTS_DIR)/Kmong.app/Kmong";
			};
			name = Debug;
		};
		656D335A1FE1212E00787069 /* Release */ = {
			isa = XCBuildConfiguration;
			baseConfigurationReference = 815ACA7C9A99E18F58F26C18 /* Pods-KmongTests.release.xcconfig */;
			buildSettings = {
				ALWAYS_EMBED_SWIFT_STANDARD_LIBRARIES = YES;
				BUNDLE_LOADER = "$(TEST_HOST)";
				CODE_SIGN_STYLE = Automatic;
				INFOPLIST_FILE = KmongTests/Info.plist;
				LD_RUNPATH_SEARCH_PATHS = "$(inherited) @executable_path/Frameworks @loader_path/Frameworks";
				PRODUCT_BUNDLE_IDENTIFIER = com.bitmon.KmongTests;
				PRODUCT_NAME = "$(TARGET_NAME)";
				SWIFT_VERSION = 4.0;
				TARGETED_DEVICE_FAMILY = "1,2";
				TEST_HOST = "$(BUILT_PRODUCTS_DIR)/Kmong.app/Kmong";
			};
			name = Release;
		};
		656D335C1FE1212E00787069 /* Debug */ = {
			isa = XCBuildConfiguration;
			baseConfigurationReference = B1C7723A6788E107939C31C0 /* Pods-KmongUITests.debug.xcconfig */;
			buildSettings = {
				ALWAYS_EMBED_SWIFT_STANDARD_LIBRARIES = YES;
				CODE_SIGN_STYLE = Automatic;
				INFOPLIST_FILE = KmongUITests/Info.plist;
				LD_RUNPATH_SEARCH_PATHS = "$(inherited) @executable_path/Frameworks @loader_path/Frameworks";
				PRODUCT_BUNDLE_IDENTIFIER = com.bitmon.KmongUITests;
				PRODUCT_NAME = "$(TARGET_NAME)";
				SWIFT_VERSION = 4.0;
				TARGETED_DEVICE_FAMILY = "1,2";
				TEST_TARGET_NAME = Kmong;
			};
			name = Debug;
		};
		656D335D1FE1212E00787069 /* Release */ = {
			isa = XCBuildConfiguration;
			baseConfigurationReference = F131A858D1357110C705CB7C /* Pods-KmongUITests.release.xcconfig */;
			buildSettings = {
				ALWAYS_EMBED_SWIFT_STANDARD_LIBRARIES = YES;
				CODE_SIGN_STYLE = Automatic;
				INFOPLIST_FILE = KmongUITests/Info.plist;
				LD_RUNPATH_SEARCH_PATHS = "$(inherited) @executable_path/Frameworks @loader_path/Frameworks";
				PRODUCT_BUNDLE_IDENTIFIER = com.bitmon.KmongUITests;
				PRODUCT_NAME = "$(TARGET_NAME)";
				SWIFT_VERSION = 4.0;
				TARGETED_DEVICE_FAMILY = "1,2";
				TEST_TARGET_NAME = Kmong;
			};
			name = Release;
		};
/* End XCBuildConfiguration section */

/* Begin XCConfigurationList section */
		656D33281FE1212E00787069 /* Build configuration list for PBXProject "Kmong" */ = {
			isa = XCConfigurationList;
			buildConfigurations = (
				656D33531FE1212E00787069 /* Debug */,
				656D33541FE1212E00787069 /* Release */,
			);
			defaultConfigurationIsVisible = 0;
			defaultConfigurationName = Release;
		};
		656D33551FE1212E00787069 /* Build configuration list for PBXNativeTarget "Kmong" */ = {
			isa = XCConfigurationList;
			buildConfigurations = (
				656D33561FE1212E00787069 /* Debug */,
				656D33571FE1212E00787069 /* Release */,
			);
			defaultConfigurationIsVisible = 0;
			defaultConfigurationName = Release;
		};
		656D33581FE1212E00787069 /* Build configuration list for PBXNativeTarget "KmongTests" */ = {
			isa = XCConfigurationList;
			buildConfigurations = (
				656D33591FE1212E00787069 /* Debug */,
				656D335A1FE1212E00787069 /* Release */,
			);
			defaultConfigurationIsVisible = 0;
			defaultConfigurationName = Release;
		};
		656D335B1FE1212E00787069 /* Build configuration list for PBXNativeTarget "KmongUITests" */ = {
			isa = XCConfigurationList;
			buildConfigurations = (
				656D335C1FE1212E00787069 /* Debug */,
				656D335D1FE1212E00787069 /* Release */,
			);
			defaultConfigurationIsVisible = 0;
			defaultConfigurationName = Release;
		};
/* End XCConfigurationList section */
	};
	rootObject = 656D33251FE1212E00787069 /* Project object */;
}
